
Microsoft Visual Studio Solution File, Format Version 12.00
# Visual Studio Version 17
VisualStudioVersion = 17.2.32602.215
MinimumVisualStudioVersion = 10.0.40219.1
Project("{FAE04EC0-301F-11D3-BF4B-00C04F79EFBC}") = "MassTransitDemo.Server", "MassTransitDemo.Server\MassTransitDemo.Server.csproj", "{2725E25D-F9ED-40BC-9459-DB8B1F910F71}"
EndProject
Project("{FAE04EC0-301F-11D3-BF4B-00C04F79EFBC}") = "MassTransitDemo.Contracts", "MassTransitDemo.Contracts\MassTransitDemo.Contracts.csproj", "{20EE0A71-47EC-40FB-A204-F8A90C09E478}"
EndProject
Project("{FAE04EC0-301F-11D3-BF4B-00C04F79EFBC}") = "MassTransitDemo.Client", "MassTransitDemo.Client\MassTransitDemo.Client.csproj", "{827762DF-4079-44C4-9FB2-B524F520B899}"
EndProject
Global
	GlobalSection(SolutionConfigurationPlatforms) = preSolution
		Debug|Any CPU = Debug|Any CPU
		Release|Any CPU = Release|Any CPU
	EndGlobalSection
	GlobalSection(ProjectConfigurationPlatforms) = postSolution
		{2725E25D-F9ED-40BC-9459-DB8B1F910F71}.Debug|Any CPU.ActiveCfg = Debug|Any CPU
		{2725E25D-F9ED-40BC-9459-DB8B1F910F71}.Debug|Any CPU.Build.0 = Debug|Any CPU
		{2725E25D-F9ED-40BC-9459-DB8B1F910F71}.Release|Any CPU.ActiveCfg = Release|Any CPU
		{2725E25D-F9ED-40BC-9459-DB8B1F910F71}.Release|Any CPU.Build.0 = Release|Any CPU
		{20EE0A71-47EC-40FB-A204-F8A90C09E478}.Debug|Any CPU.ActiveCfg = Debug|Any CPU
		{20EE0A71-47EC-40FB-A204-F8A90C09E478}.Debug|Any CPU.Build.0 = Debug|Any CPU
		{20EE0A71-47EC-40FB-A204-F8A90C09E478}.Release|Any CPU.ActiveCfg = Release|Any CPU
		{20EE0A71-47EC-40FB-A204-F8A90C09E478}.Release|Any CPU.Build.0 = Release|Any CPU
		{827762DF-4079-44C4-9FB2-B524F520B899}.Debug|Any CPU.ActiveCfg = Debug|Any CPU
		{827762DF-4079-44C4-9FB2-B524F520B899}.Debug|Any CPU.Build.0 = Debug|Any CPU
		{827762DF-4079-44C4-9FB2-B524F520B899}.Release|Any CPU.ActiveCfg = Release|Any CPU
		{827762DF-4079-44C4-9FB2-B524F520B899}.Release|Any CPU.Build.0 = Release|Any CPU
	EndGlobalSection
	GlobalSection(SolutionProperties) = preSolution
		HideSolutionNode = FALSE
	EndGlobalSection
	GlobalSection(ExtensibilityGlobals) = postSolution
		SolutionGuid = {4FF201A8-F9FE-4B99-BF42-E70AD20B1C95}
	EndGlobalSection
EndGlobal
